
Microsoft Visual Studio Solution File, Format Version 12.00
# Visual Studio Version 17
VisualStudioVersion = 17.7.34024.191
MinimumVisualStudioVersion = 10.0.40219.1
Project("{FAE04EC0-301F-11D3-BF4B-00C04F79EFBC}") = "ABMCIUDAD", "ABMCIUDAD\ABMCIUDAD.csproj", "{DA5F48F2-7840-4D2E-B9F1-AE91A2727074}"
EndProject
Global
	GlobalSection(SolutionConfigurationPlatforms) = preSolution
		Debug|Any CPU = Debug|Any CPU
		Release|Any CPU = Release|Any CPU
	EndGlobalSection
	GlobalSection(ProjectConfigurationPlatforms) = postSolution
		{DA5F48F2-7840-4D2E-B9F1-AE91A2727074}.Debug|Any CPU.ActiveCfg = Debug|Any CPU
		{DA5F48F2-7840-4D2E-B9F1-AE91A2727074}.Debug|Any CPU.Build.0 = Debug|Any CPU
		{DA5F48F2-7840-4D2E-B9F1-AE91A2727074}.Release|Any CPU.ActiveCfg = Release|Any CPU
		{DA5F48F2-7840-4D2E-B9F1-AE91A2727074}.Release|Any CPU.Build.0 = Release|Any CPU
	EndGlobalSection
	GlobalSection(SolutionProperties) = preSolution
		HideSolutionNode = FALSE
	EndGlobalSection
	GlobalSection(ExtensibilityGlobals) = postSolution
		SolutionGuid = {BDAD8552-B206-4A0D-9712-44DAFEDB708D}
	EndGlobalSection
EndGlobal
